
Microsoft Visual Studio Solution File, Format Version 12.00
# Visual Studio Version 16
VisualStudioVersion = 16.0.30804.86
MinimumVisualStudioVersion = 10.0.40219.1
Project("{9A19103F-16F7-4668-BE54-9A1E7A4F7556}") = "Skyler", "Skyler\Skyler.csproj", "{458A4AE6-97A1-4FD9-9F4E-509FDD1ADE96}"
EndProject
Project("{9A19103F-16F7-4668-BE54-9A1E7A4F7556}") = "SkylerUnicorn", "SkylerUnicorn\SkylerUnicorn.csproj", "{931F067D-270B-40D8-95E0-CA29E4A4670E}"
EndProject
Project("{9A19103F-16F7-4668-BE54-9A1E7A4F7556}") = "SkylerCore", "SkylerCore\SkylerCore.csproj", "{BC438D70-6ADF-4D78-A790-C94F96EB29BA}"
EndProject
Project("{9A19103F-16F7-4668-BE54-9A1E7A4F7556}") = "SkylerCommon", "SkylerCommon\SkylerCommon.csproj", "{9072C1AD-34A7-4FA1-A5D5-82801852B3E5}"
EndProject
Project("{9A19103F-16F7-4668-BE54-9A1E7A4F7556}") = "SkylerHLE", "SkylerHLE\SkylerHLE.csproj", "{A3101800-806A-4840-AA74-8CCA0DE5731E}"
EndProject
Project("{9A19103F-16F7-4668-BE54-9A1E7A4F7556}") = "SkylerCPU", "SkylerCPU\SkylerCPU.csproj", "{D4A71BCD-01C0-4545-880B-1976A610EC42}"
EndProject
Project("{9A19103F-16F7-4668-BE54-9A1E7A4F7556}") = "SkylerShader", "SkylerShader\SkylerShader.csproj", "{E52EB04B-7EC3-43A3-8A5B-7DA29C418692}"
EndProject
Project("{9A19103F-16F7-4668-BE54-9A1E7A4F7556}") = "SkylerGraphics", "SkylerGraphics\SkylerGraphics.csproj", "{F27FC7D2-A82B-442C-BDD7-8B333FA9BC99}"
EndProject
Project("{9A19103F-16F7-4668-BE54-9A1E7A4F7556}") = "Ryujinx.Common", "D:\Emulator Dev\Ryujinx\Ryujinx.Common\Ryujinx.Common.csproj", "{08A15CAC-96B8-4514-9500-0A592549B865}"
EndProject
Global
	GlobalSection(SolutionConfigurationPlatforms) = preSolution
		Debug|Any CPU = Debug|Any CPU
		Debug|x64 = Debug|x64
		Profile Debug|Any CPU = Profile Debug|Any CPU
		Profile Debug|x64 = Profile Debug|x64
		Profile Release|Any CPU = Profile Release|Any CPU
		Profile Release|x64 = Profile Release|x64
		Release|Any CPU = Release|Any CPU
		Release|x64 = Release|x64
	EndGlobalSection
	GlobalSection(ProjectConfigurationPlatforms) = postSolution
		{458A4AE6-97A1-4FD9-9F4E-509FDD1ADE96}.Debug|Any CPU.ActiveCfg = Debug|Any CPU
		{458A4AE6-97A1-4FD9-9F4E-509FDD1ADE96}.Debug|Any CPU.Build.0 = Debug|Any CPU
		{458A4AE6-97A1-4FD9-9F4E-509FDD1ADE96}.Debug|x64.ActiveCfg = Debug|x64
		{458A4AE6-97A1-4FD9-9F4E-509FDD1ADE96}.Debug|x64.Build.0 = Debug|x64
		{458A4AE6-97A1-4FD9-9F4E-509FDD1ADE96}.Profile Debug|Any CPU.ActiveCfg = Debug|Any CPU
		{458A4AE6-97A1-4FD9-9F4E-509FDD1ADE96}.Profile Debug|Any CPU.Build.0 = Debug|Any CPU
		{458A4AE6-97A1-4FD9-9F4E-509FDD1ADE96}.Profile Debug|x64.ActiveCfg = Debug|x64
		{458A4AE6-97A1-4FD9-9F4E-509FDD1ADE96}.Profile Debug|x64.Build.0 = Debug|x64
		{458A4AE6-97A1-4FD9-9F4E-509FDD1ADE96}.Profile Release|Any CPU.ActiveCfg = Release|Any CPU
		{458A4AE6-97A1-4FD9-9F4E-509FDD1ADE96}.Profile Release|Any CPU.Build.0 = Release|Any CPU
		{458A4AE6-97A1-4FD9-9F4E-509FDD1ADE96}.Profile Release|x64.ActiveCfg = Release|x64
		{458A4AE6-97A1-4FD9-9F4E-509FDD1ADE96}.Profile Release|x64.Build.0 = Release|x64
		{458A4AE6-97A1-4FD9-9F4E-509FDD1ADE96}.Release|Any CPU.ActiveCfg = Release|Any CPU
		{458A4AE6-97A1-4FD9-9F4E-509FDD1ADE96}.Release|Any CPU.Build.0 = Release|Any CPU
		{458A4AE6-97A1-4FD9-9F4E-509FDD1ADE96}.Release|x64.ActiveCfg = Release|x64
		{458A4AE6-97A1-4FD9-9F4E-509FDD1ADE96}.Release|x64.Build.0 = Release|x64
		{931F067D-270B-40D8-95E0-CA29E4A4670E}.Debug|Any CPU.ActiveCfg = Debug|Any CPU
		{931F067D-270B-40D8-95E0-CA29E4A4670E}.Debug|Any CPU.Build.0 = Debug|Any CPU
		{931F067D-270B-40D8-95E0-CA29E4A4670E}.Debug|x64.ActiveCfg = Debug|x64
		{931F067D-270B-40D8-95E0-CA29E4A4670E}.Debug|x64.Build.0 = Debug|x64
		{931F067D-270B-40D8-95E0-CA29E4A4670E}.Profile Debug|Any CPU.ActiveCfg = Debug|Any CPU
		{931F067D-270B-40D8-95E0-CA29E4A4670E}.Profile Debug|Any CPU.Build.0 = Debug|Any CPU
		{931F067D-270B-40D8-95E0-CA29E4A4670E}.Profile Debug|x64.ActiveCfg = Debug|x64
		{931F067D-270B-40D8-95E0-CA29E4A4670E}.Profile Debug|x64.Build.0 = Debug|x64
		{931F067D-270B-40D8-95E0-CA29E4A4670E}.Profile Release|Any CPU.ActiveCfg = Release|Any CPU
		{931F067D-270B-40D8-95E0-CA29E4A4670E}.Profile Release|Any CPU.Build.0 = Release|Any CPU
		{931F067D-270B-40D8-95E0-CA29E4A4670E}.Profile Release|x64.ActiveCfg = Release|x64
		{931F067D-270B-40D8-95E0-CA29E4A4670E}.Profile Release|x64.Build.0 = Release|x64
		{931F067D-270B-40D8-95E0-CA29E4A4670E}.Release|Any CPU.ActiveCfg = Release|Any CPU
		{931F067D-270B-40D8-95E0-CA29E4A4670E}.Release|Any CPU.Build.0 = Release|Any CPU
		{931F067D-270B-40D8-95E0-CA29E4A4670E}.Release|x64.ActiveCfg = Release|x64
		{931F067D-270B-40D8-95E0-CA29E4A4670E}.Release|x64.Build.0 = Release|x64
		{BC438D70-6ADF-4D78-A790-C94F96EB29BA}.Debug|Any CPU.ActiveCfg = Debug|Any CPU
		{BC438D70-6ADF-4D78-A790-C94F96EB29BA}.Debug|Any CPU.Build.0 = Debug|Any CPU
		{BC438D70-6ADF-4D78-A790-C94F96EB29BA}.Debug|x64.ActiveCfg = Debug|x64
		{BC438D70-6ADF-4D78-A790-C94F96EB29BA}.Debug|x64.Build.0 = Debug|x64
		{BC438D70-6ADF-4D78-A790-C94F96EB29BA}.Profile Debug|Any CPU.ActiveCfg = Debug|Any CPU
		{BC438D70-6ADF-4D78-A790-C94F96EB29BA}.Profile Debug|Any CPU.Build.0 = Debug|Any CPU
		{BC438D70-6ADF-4D78-A790-C94F96EB29BA}.Profile Debug|x64.ActiveCfg = Debug|x64
		{BC438D70-6ADF-4D78-A790-C94F96EB29BA}.Profile Debug|x64.Build.0 = Debug|x64
		{BC438D70-6ADF-4D78-A790-C94F96EB29BA}.Profile Release|Any CPU.ActiveCfg = Release|Any CPU
		{BC438D70-6ADF-4D78-A790-C94F96EB29BA}.Profile Release|Any CPU.Build.0 = Release|Any CPU
		{BC438D70-6ADF-4D78-A790-C94F96EB29BA}.Profile Release|x64.ActiveCfg = Release|x64
		{BC438D70-6ADF-4D78-A790-C94F96EB29BA}.Profile Release|x64.Build.0 = Release|x64
		{BC438D70-6ADF-4D78-A790-C94F96EB29BA}.Release|Any CPU.ActiveCfg = Release|Any CPU
		{BC438D70-6ADF-4D78-A790-C94F96EB29BA}.Release|Any CPU.Build.0 = Release|Any CPU
		{BC438D70-6ADF-4D78-A790-C94F96EB29BA}.Release|x64.ActiveCfg = Release|x64
		{BC438D70-6ADF-4D78-A790-C94F96EB29BA}.Release|x64.Build.0 = Release|x64
		{9072C1AD-34A7-4FA1-A5D5-82801852B3E5}.Debug|Any CPU.ActiveCfg = Debug|Any CPU
		{9072C1AD-34A7-4FA1-A5D5-82801852B3E5}.Debug|Any CPU.Build.0 = Debug|Any CPU
		{9072C1AD-34A7-4FA1-A5D5-82801852B3E5}.Debug|x64.ActiveCfg = Debug|x64
		{9072C1AD-34A7-4FA1-A5D5-82801852B3E5}.Debug|x64.Build.0 = Debug|x64
		{9072C1AD-34A7-4FA1-A5D5-82801852B3E5}.Profile Debug|Any CPU.ActiveCfg = Debug|Any CPU
		{9072C1AD-34A7-4FA1-A5D5-82801852B3E5}.Profile Debug|Any CPU.Build.0 = Debug|Any CPU
		{9072C1AD-34A7-4FA1-A5D5-82801852B3E5}.Profile Debug|x64.ActiveCfg = Debug|x64
		{9072C1AD-34A7-4FA1-A5D5-82801852B3E5}.Profile Debug|x64.Build.0 = Debug|x64
		{9072C1AD-34A7-4FA1-A5D5-82801852B3E5}.Profile Release|Any CPU.ActiveCfg = Release|Any CPU
		{9072C1AD-34A7-4FA1-A5D5-82801852B3E5}.Profile Release|Any CPU.Build.0 = Release|Any CPU
		{9072C1AD-34A7-4FA1-A5D5-82801852B3E5}.Profile Release|x64.ActiveCfg = Release|x64
		{9072C1AD-34A7-4FA1-A5D5-82801852B3E5}.Profile Release|x64.Build.0 = Release|x64
		{9072C1AD-34A7-4FA1-A5D5-82801852B3E5}.Release|Any CPU.ActiveCfg = Release|Any CPU
		{9072C1AD-34A7-4FA1-A5D5-82801852B3E5}.Release|Any CPU.Build.0 = Release|Any CPU
		{9072C1AD-34A7-4FA1-A5D5-82801852B3E5}.Release|x64.ActiveCfg = Release|x64
		{9072C1AD-34A7-4FA1-A5D5-82801852B3E5}.Release|x64.Build.0 = Release|x64
		{A3101800-806A-4840-AA74-8CCA0DE5731E}.Debug|Any CPU.ActiveCfg = Debug|Any CPU
		{A3101800-806A-4840-AA74-8CCA0DE5731E}.Debug|Any CPU.Build.0 = Debug|Any CPU
		{A3101800-806A-4840-AA74-8CCA0DE5731E}.Debug|x64.ActiveCfg = Debug|Any CPU
		{A3101800-806A-4840-AA74-8CCA0DE5731E}.Debug|x64.Build.0 = Debug|Any CPU
		{A3101800-806A-4840-AA74-8CCA0DE5731E}.Profile Debug|Any CPU.ActiveCfg = Debug|Any CPU
		{A3101800-806A-4840-AA74-8CCA0DE5731E}.Profile Debug|Any CPU.Build.0 = Debug|Any CPU
		{A3101800-806A-4840-AA74-8CCA0DE5731E}.Profile Debug|x64.ActiveCfg = Debug|Any CPU
		{A3101800-806A-4840-AA74-8CCA0DE5731E}.Profile Debug|x64.Build.0 = Debug|Any CPU
		{A3101800-806A-4840-AA74-8CCA0DE5731E}.Profile Release|Any CPU.ActiveCfg = Release|Any CPU
		{A3101800-806A-4840-AA74-8CCA0DE5731E}.Profile Release|Any CPU.Build.0 = Release|Any CPU
		{A3101800-806A-4840-AA74-8CCA0DE5731E}.Profile Release|x64.ActiveCfg = Release|Any CPU
		{A3101800-806A-4840-AA74-8CCA0DE5731E}.Profile Release|x64.Build.0 = Release|Any CPU
		{A3101800-806A-4840-AA74-8CCA0DE5731E}.Release|Any CPU.ActiveCfg = Release|Any CPU
		{A3101800-806A-4840-AA74-8CCA0DE5731E}.Release|Any CPU.Build.0 = Release|Any CPU
		{A3101800-806A-4840-AA74-8CCA0DE5731E}.Release|x64.ActiveCfg = Release|Any CPU
		{A3101800-806A-4840-AA74-8CCA0DE5731E}.Release|x64.Build.0 = Release|Any CPU
		{D4A71BCD-01C0-4545-880B-1976A610EC42}.Debug|Any CPU.ActiveCfg = Debug|Any CPU
		{D4A71BCD-01C0-4545-880B-1976A610EC42}.Debug|Any CPU.Build.0 = Debug|Any CPU
		{D4A71BCD-01C0-4545-880B-1976A610EC42}.Debug|x64.ActiveCfg = Debug|Any CPU
		{D4A71BCD-01C0-4545-880B-1976A610EC42}.Debug|x64.Build.0 = Debug|Any CPU
		{D4A71BCD-01C0-4545-880B-1976A610EC42}.Profile Debug|Any CPU.ActiveCfg = Debug|Any CPU
		{D4A71BCD-01C0-4545-880B-1976A610EC42}.Profile Debug|Any CPU.Build.0 = Debug|Any CPU
		{D4A71BCD-01C0-4545-880B-1976A610EC42}.Profile Debug|x64.ActiveCfg = Debug|Any CPU
		{D4A71BCD-01C0-4545-880B-1976A610EC42}.Profile Debug|x64.Build.0 = Debug|Any CPU
		{D4A71BCD-01C0-4545-880B-1976A610EC42}.Profile Release|Any CPU.ActiveCfg = Release|Any CPU
		{D4A71BCD-01C0-4545-880B-1976A610EC42}.Profile Release|Any CPU.Build.0 = Release|Any CPU
		{D4A71BCD-01C0-4545-880B-1976A610EC42}.Profile Release|x64.ActiveCfg = Release|Any CPU
		{D4A71BCD-01C0-4545-880B-1976A610EC42}.Profile Release|x64.Build.0 = Release|Any CPU
		{D4A71BCD-01C0-4545-880B-1976A610EC42}.Release|Any CPU.ActiveCfg = Release|Any CPU
		{D4A71BCD-01C0-4545-880B-1976A610EC42}.Release|Any CPU.Build.0 = Release|Any CPU
		{D4A71BCD-01C0-4545-880B-1976A610EC42}.Release|x64.ActiveCfg = Release|Any CPU
		{D4A71BCD-01C0-4545-880B-1976A610EC42}.Release|x64.Build.0 = Release|Any CPU
		{E52EB04B-7EC3-43A3-8A5B-7DA29C418692}.Debug|Any CPU.ActiveCfg = Debug|Any CPU
		{E52EB04B-7EC3-43A3-8A5B-7DA29C418692}.Debug|Any CPU.Build.0 = Debug|Any CPU
		{E52EB04B-7EC3-43A3-8A5B-7DA29C418692}.Debug|x64.ActiveCfg = Debug|Any CPU
		{E52EB04B-7EC3-43A3-8A5B-7DA29C418692}.Debug|x64.Build.0 = Debug|Any CPU
		{E52EB04B-7EC3-43A3-8A5B-7DA29C418692}.Profile Debug|Any CPU.ActiveCfg = Debug|Any CPU
		{E52EB04B-7EC3-43A3-8A5B-7DA29C418692}.Profile Debug|Any CPU.Build.0 = Debug|Any CPU
		{E52EB04B-7EC3-43A3-8A5B-7DA29C418692}.Profile Debug|x64.ActiveCfg = Debug|Any CPU
		{E52EB04B-7EC3-43A3-8A5B-7DA29C418692}.Profile Debug|x64.Build.0 = Debug|Any CPU
		{E52EB04B-7EC3-43A3-8A5B-7DA29C418692}.Profile Release|Any CPU.ActiveCfg = Release|Any CPU
		{E52EB04B-7EC3-43A3-8A5B-7DA29C418692}.Profile Release|Any CPU.Build.0 = Release|Any CPU
		{E52EB04B-7EC3-43A3-8A5B-7DA29C418692}.Profile Release|x64.ActiveCfg = Release|Any CPU
		{E52EB04B-7EC3-43A3-8A5B-7DA29C418692}.Profile Release|x64.Build.0 = Release|Any CPU
		{E52EB04B-7EC3-43A3-8A5B-7DA29C418692}.Release|Any CPU.ActiveCfg = Release|Any CPU
		{E52EB04B-7EC3-43A3-8A5B-7DA29C418692}.Release|Any CPU.Build.0 = Release|Any CPU
		{E52EB04B-7EC3-43A3-8A5B-7DA29C418692}.Release|x64.ActiveCfg = Release|Any CPU
		{E52EB04B-7EC3-43A3-8A5B-7DA29C418692}.Release|x64.Build.0 = Release|Any CPU
		{F27FC7D2-A82B-442C-BDD7-8B333FA9BC99}.Debug|Any CPU.ActiveCfg = Debug|Any CPU
		{F27FC7D2-A82B-442C-BDD7-8B333FA9BC99}.Debug|Any CPU.Build.0 = Debug|Any CPU
		{F27FC7D2-A82B-442C-BDD7-8B333FA9BC99}.Debug|x64.ActiveCfg = Debug|Any CPU
		{F27FC7D2-A82B-442C-BDD7-8B333FA9BC99}.Debug|x64.Build.0 = Debug|Any CPU
		{F27FC7D2-A82B-442C-BDD7-8B333FA9BC99}.Profile Debug|Any CPU.ActiveCfg = Debug|Any CPU
		{F27FC7D2-A82B-442C-BDD7-8B333FA9BC99}.Profile Debug|Any CPU.Build.0 = Debug|Any CPU
		{F27FC7D2-A82B-442C-BDD7-8B333FA9BC99}.Profile Debug|x64.ActiveCfg = Debug|Any CPU
		{F27FC7D2-A82B-442C-BDD7-8B333FA9BC99}.Profile Debug|x64.Build.0 = Debug|Any CPU
		{F27FC7D2-A82B-442C-BDD7-8B333FA9BC99}.Profile Release|Any CPU.ActiveCfg = Release|Any CPU
		{F27FC7D2-A82B-442C-BDD7-8B333FA9BC99}.Profile Release|Any CPU.Build.0 = Release|Any CPU
		{F27FC7D2-A82B-442C-BDD7-8B333FA9BC99}.Profile Release|x64.ActiveCfg = Release|Any CPU
		{F27FC7D2-A82B-442C-BDD7-8B333FA9BC99}.Profile Release|x64.Build.0 = Release|Any CPU
		{F27FC7D2-A82B-442C-BDD7-8B333FA9BC99}.Release|Any CPU.ActiveCfg = Release|Any CPU
		{F27FC7D2-A82B-442C-BDD7-8B333FA9BC99}.Release|Any CPU.Build.0 = Release|Any CPU
		{F27FC7D2-A82B-442C-BDD7-8B333FA9BC99}.Release|x64.ActiveCfg = Release|Any CPU
		{F27FC7D2-A82B-442C-BDD7-8B333FA9BC99}.Release|x64.Build.0 = Release|Any CPU
		{08A15CAC-96B8-4514-9500-0A592549B865}.Debug|Any CPU.ActiveCfg = Debug|Any CPU
		{08A15CAC-96B8-4514-9500-0A592549B865}.Debug|Any CPU.Build.0 = Debug|Any CPU
		{08A15CAC-96B8-4514-9500-0A592549B865}.Debug|x64.ActiveCfg = Debug|Any CPU
		{08A15CAC-96B8-4514-9500-0A592549B865}.Debug|x64.Build.0 = Debug|Any CPU
		{08A15CAC-96B8-4514-9500-0A592549B865}.Profile Debug|Any CPU.ActiveCfg = Debug|Any CPU
		{08A15CAC-96B8-4514-9500-0A592549B865}.Profile Debug|Any CPU.Build.0 = Debug|Any CPU
		{08A15CAC-96B8-4514-9500-0A592549B865}.Profile Debug|x64.ActiveCfg = Debug|Any CPU
		{08A15CAC-96B8-4514-9500-0A592549B865}.Profile Debug|x64.Build.0 = Debug|Any CPU
		{08A15CAC-96B8-4514-9500-0A592549B865}.Profile Release|Any CPU.ActiveCfg = Release|Any CPU
		{08A15CAC-96B8-4514-9500-0A592549B865}.Profile Release|Any CPU.Build.0 = Release|Any CPU
		{08A15CAC-96B8-4514-9500-0A592549B865}.Profile Release|x64.ActiveCfg = Release|Any CPU
		{08A15CAC-96B8-4514-9500-0A592549B865}.Profile Release|x64.Build.0 = Release|Any CPU
		{08A15CAC-96B8-4514-9500-0A592549B865}.Release|Any CPU.ActiveCfg = Release|Any CPU
		{08A15CAC-96B8-4514-9500-0A592549B865}.Release|Any CPU.Build.0 = Release|Any CPU
		{08A15CAC-96B8-4514-9500-0A592549B865}.Release|x64.ActiveCfg = Release|Any CPU
		{08A15CAC-96B8-4514-9500-0A592549B865}.Release|x64.Build.0 = Release|Any CPU
	EndGlobalSection
	GlobalSection(SolutionProperties) = preSolution
		HideSolutionNode = FALSE
	EndGlobalSection
	GlobalSection(ExtensibilityGlobals) = postSolution
		SolutionGuid = {4ACB4DAA-461F-4671-ABBF-59C0BEFF0E0D}
	EndGlobalSection
EndGlobal
